# This file is autogenerated, do not edit; changes may be undone by the next 'dep ensure'.


[[projects]]
  branch = "master"
  name = "github.com/andy-zhangtao/Sandstorm"
  packages = ["."]
  revision = "47d0fc91a9ffe7ff94e908201146e2ebcf575915"

[[projects]]
  name = "github.com/coreos/go-systemd"
  packages = ["dbus"]
  revision = "48702e0da86bd25e76cfef347e2adeb434a0d0a6"
  version = "v14"

[[projects]]
  name = "github.com/godbus/dbus"
  packages = ["."]
  revision = "5f6efc7ef2759c81b7ba876593971bfce311eab3"
  version = "v4.0.0"

[[projects]]
  name = "github.com/gorilla/context"
  packages = ["."]
  revision = "1ea25387ff6f684839d82767c1733ff4d4d15d0a"
  version = "v1.1"

[[projects]]
  name = "github.com/gorilla/mux"
  packages = ["."]
  revision = "bcd8bc72b08df0f70df986b97f95590779502d31"
  version = "v1.4.0"

[[projects]]
  branch = "master"
  name = "github.com/moul/http2curl"
  packages = ["."]
  revision = "4e24498b31dba4683efb9d35c1c8a91e2eda28c8"

[[projects]]
  name = "github.com/parnurzeal/gorequest"
  packages = ["."]
  revision = "a578a48e8d6ca8b01a3b18314c43c6716bb5f5a3"
  version = "v0.2.15"

[[projects]]
  name = "github.com/pkg/errors"
  packages = ["."]
  revision = "645ef00459ed84a119197bfb8d8205042c6df63d"
  version = "v0.8.0"

[[projects]]
  branch = "master"
  name = "golang.org/x/net"
  packages = ["idna","publicsuffix"]
  revision = "3da985ce5951d99de868be4385f21ea6c2b22f24"

[[projects]]
  branch = "master"
  name = "golang.org/x/text"
  packages = ["internal/gen","internal/triegen","internal/ucd","secure/bidirule","transform","unicode/bidi","unicode/cldr","unicode/norm","unicode/rangetable"]
  revision = "4ee4af566555f5fbe026368b75596286a312663a"

[solve-meta]
  analyzer-name = "dep"
  analyzer-version = 1
  inputs-digest = "592b93ccfc172e6d7cc5e3cb0a09b33f6b17ac2b526378ca48c16cd7a8713450"
  solver-name = "gps-cdcl"
  solver-version = 1
